
Microsoft Visual Studio Solution File, Format Version 11.00
# Visual Studio 2010
Project("{8BC9CEB8-8B4A-11D0-8D11-00A0C91BC942}") = "APBS", "APBS\APBS.vcxproj", "{E18257E1-7B70-46E4-B64C-8893386268F1}"
	ProjectSection(ProjectDependencies) = postProject
		{440BED94-E580-4800-9AC2-64A004FFE6C6} = {440BED94-E580-4800-9AC2-64A004FFE6C6}
		{A744F0C5-46B1-4442-B322-A71D4C34FB5E} = {A744F0C5-46B1-4442-B322-A71D4C34FB5E}
	EndProjectSection
EndProject
Project("{8BC9CEB8-8B4A-11D0-8D11-00A0C91BC942}") = "APBSC", "MALOC\MALOC.vcxproj", "{A744F0C5-46B1-4442-B322-A71D4C34FB5E}"
EndProject
Project("{8BC9CEB8-8B4A-11D0-8D11-00A0C91BC942}") = "multivalue", "multivalue\multivalue.vcxproj", "{83270CA3-7D65-49A1-A35E-272986A9C694}"
EndProject
Project("{8BC9CEB8-8B4A-11D0-8D11-00A0C91BC942}") = "dxmath", "dxmath\dxmath.vcxproj", "{63961BD1-6268-498C-846B-4130959387F0}"
EndProject
Project("{8BC9CEB8-8B4A-11D0-8D11-00A0C91BC942}") = "coulomb", "coulomb\coulomb.vcxproj", "{D0151DDB-86BE-4210-9F85-C14C785CDB6C}"
EndProject
Project("{8BC9CEB8-8B4A-11D0-8D11-00A0C91BC942}") = "benchmark", "benchmark\benchmark.vcxproj", "{2BEDCBC9-A2D5-4F60-BD2E-7CED0D14408E}"
EndProject
Project("{8BC9CEB8-8B4A-11D0-8D11-00A0C91BC942}") = "analysis", "analysis\analysis.vcxproj", "{A0D84CFB-F8F8-441F-995C-8565619E8829}"
EndProject
Project("{6989167D-11E4-40FE-8C1A-2192A86A7E90}") = "APBSF", "APBSF\APBSF.vfproj", "{440BED94-E580-4800-9AC2-64A004FFE6C6}"
EndProject
Global
	GlobalSection(SolutionConfigurationPlatforms) = preSolution
		Debug|Win32 = Debug|Win32
		Release|Win32 = Release|Win32
	EndGlobalSection
	GlobalSection(ProjectConfigurationPlatforms) = postSolution
		{E18257E1-7B70-46E4-B64C-8893386268F1}.Debug|Win32.ActiveCfg = Debug|Win32
		{E18257E1-7B70-46E4-B64C-8893386268F1}.Debug|Win32.Build.0 = Debug|Win32
		{E18257E1-7B70-46E4-B64C-8893386268F1}.Release|Win32.ActiveCfg = Release|Win32
		{E18257E1-7B70-46E4-B64C-8893386268F1}.Release|Win32.Build.0 = Release|Win32
		{A744F0C5-46B1-4442-B322-A71D4C34FB5E}.Debug|Win32.ActiveCfg = Debug|Win32
		{A744F0C5-46B1-4442-B322-A71D4C34FB5E}.Debug|Win32.Build.0 = Debug|Win32
		{A744F0C5-46B1-4442-B322-A71D4C34FB5E}.Release|Win32.ActiveCfg = Release|Win32
		{A744F0C5-46B1-4442-B322-A71D4C34FB5E}.Release|Win32.Build.0 = Release|Win32
		{83270CA3-7D65-49A1-A35E-272986A9C694}.Debug|Win32.ActiveCfg = Debug|Win32
		{83270CA3-7D65-49A1-A35E-272986A9C694}.Debug|Win32.Build.0 = Debug|Win32
		{83270CA3-7D65-49A1-A35E-272986A9C694}.Release|Win32.ActiveCfg = Release|Win32
		{83270CA3-7D65-49A1-A35E-272986A9C694}.Release|Win32.Build.0 = Release|Win32
		{63961BD1-6268-498C-846B-4130959387F0}.Debug|Win32.ActiveCfg = Debug|Win32
		{63961BD1-6268-498C-846B-4130959387F0}.Debug|Win32.Build.0 = Debug|Win32
		{63961BD1-6268-498C-846B-4130959387F0}.Release|Win32.ActiveCfg = Release|Win32
		{63961BD1-6268-498C-846B-4130959387F0}.Release|Win32.Build.0 = Release|Win32
		{D0151DDB-86BE-4210-9F85-C14C785CDB6C}.Debug|Win32.ActiveCfg = Debug|Win32
		{D0151DDB-86BE-4210-9F85-C14C785CDB6C}.Debug|Win32.Build.0 = Debug|Win32
		{D0151DDB-86BE-4210-9F85-C14C785CDB6C}.Release|Win32.ActiveCfg = Release|Win32
		{D0151DDB-86BE-4210-9F85-C14C785CDB6C}.Release|Win32.Build.0 = Release|Win32
		{2BEDCBC9-A2D5-4F60-BD2E-7CED0D14408E}.Debug|Win32.ActiveCfg = Debug|Win32
		{2BEDCBC9-A2D5-4F60-BD2E-7CED0D14408E}.Debug|Win32.Build.0 = Debug|Win32
		{2BEDCBC9-A2D5-4F60-BD2E-7CED0D14408E}.Release|Win32.ActiveCfg = Release|Win32
		{2BEDCBC9-A2D5-4F60-BD2E-7CED0D14408E}.Release|Win32.Build.0 = Release|Win32
		{A0D84CFB-F8F8-441F-995C-8565619E8829}.Debug|Win32.ActiveCfg = Debug|Win32
		{A0D84CFB-F8F8-441F-995C-8565619E8829}.Debug|Win32.Build.0 = Debug|Win32
		{A0D84CFB-F8F8-441F-995C-8565619E8829}.Release|Win32.ActiveCfg = Release|Win32
		{A0D84CFB-F8F8-441F-995C-8565619E8829}.Release|Win32.Build.0 = Release|Win32
		{440BED94-E580-4800-9AC2-64A004FFE6C6}.Debug|Win32.ActiveCfg = Debug|Win32
		{440BED94-E580-4800-9AC2-64A004FFE6C6}.Debug|Win32.Build.0 = Debug|Win32
		{440BED94-E580-4800-9AC2-64A004FFE6C6}.Release|Win32.ActiveCfg = Release|Win32
		{440BED94-E580-4800-9AC2-64A004FFE6C6}.Release|Win32.Build.0 = Release|Win32
	EndGlobalSection
	GlobalSection(SolutionProperties) = preSolution
		HideSolutionNode = FALSE
	EndGlobalSection
	GlobalSection(IntelOptPkgProperties) = preSolution
		LoadPackage = true
	EndGlobalSection
EndGlobal
